
Microsoft Visual Studio Solution File, Format Version 12.00
# Visual Studio Version 16
VisualStudioVersion = 16.0.32106.194
MinimumVisualStudioVersion = 10.0.40219.1
Project("{FAE04EC0-301F-11D3-BF4B-00C04F79EFBC}") = "DMDCore", "..\CommonProjects\DMDCore\DMDCore.csproj", "{6BC7376F-F45B-4E4B-BE89-8D8378A6384C}"
EndProject
Project("{2150E333-8FDC-42A3-9474-1A3956D46DE8}") = "CommonProjects", "CommonProjects", "{629A11A3-00B1-42E6-9CB0-67C70BE37F39}"
EndProject
Project("{FAE04EC0-301F-11D3-BF4B-00C04F79EFBC}") = "DMDClosedXMLDriver", "..\CommonProjects\DMDClosedXMLDriver\DMDClosedXMLDriver.csproj", "{07EA7EFB-4767-47EA-B57D-E3FF103BB157}"
EndProject
Project("{FAE04EC0-301F-11D3-BF4B-00C04F79EFBC}") = "DMDMongoDBDatabaseDriver", "..\CommonProjects\DMDMongoDBDriver\DMDMongoDBDatabaseDriver.csproj", "{8193B6D5-9EB3-40D4-893A-BFDA50778724}"
EndProject
Project("{FAE04EC0-301F-11D3-BF4B-00C04F79EFBC}") = "DMDOracleDatabaseDriver", "..\CommonProjects\DMDOracleDBDriver\DMDOracleDatabaseDriver.csproj", "{4F634B28-46A1-4EEA-AC9B-262D44C6AB69}"
EndProject
Project("{FAE04EC0-301F-11D3-BF4B-00C04F79EFBC}") = "DMDSQLiteDatabaseDriver", "..\CommonProjects\DMDSQLiteDBDriver\DMDSQLiteDatabaseDriver.csproj", "{CE746FDA-C071-4BB0-8C32-934F96564B80}"
EndProject
Project("{FAE04EC0-301F-11D3-BF4B-00C04F79EFBC}") = "DMDUnitTestLib", "..\CommonProjects\DMDUnitTestLib\DMDUnitTestLib.csproj", "{49FD6EFD-6D29-402D-9633-AA225B4EE9AC}"
EndProject
Project("{FAE04EC0-301F-11D3-BF4B-00C04F79EFBC}") = "DMDWindowsControls", "..\CommonProjects\DMDWindowsControls\DMDWindowsControls.csproj", "{EE1E7F68-B46C-4B03-BBB8-65705E69670A}"
EndProject
Project("{FAE04EC0-301F-11D3-BF4B-00C04F79EFBC}") = "DMDZipLib", "..\CommonProjects\DMDZipLib\DMDZipLib.csproj", "{863EC479-9227-40DB-88FC-3C910EB86CD8}"
EndProject
Project("{2150E333-8FDC-42A3-9474-1A3956D46DE8}") = "MiniDOM", "MiniDOM", "{1CBE88D7-93F7-4645-AB9F-522EF74D7EB2}"
EndProject
Project("{FAE04EC0-301F-11D3-BF4B-00C04F79EFBC}") = "MiniDOMBase", "MiniDOMBase\MiniDOMBase.csproj", "{6431C469-2BA1-020D-24CD-A12FCD7943AB}"
EndProject
Project("{FAE04EC0-301F-11D3-BF4B-00C04F79EFBC}") = "MiniDOMAsteriskLib", "MiniDOMAsteriskLib\MiniDOMAsteriskLib.csproj", "{ABAB5E4E-8A14-0553-1238-631F7FB4CCEC}"
EndProject
Project("{FAE04EC0-301F-11D3-BF4B-00C04F79EFBC}") = "MiniDOMS300", "MiniDOMS300\MiniDOMS300.csproj", "{AC3EB127-5FDE-0305-35B2-1089567A0D00}"
EndProject
Project("{FAE04EC0-301F-11D3-BF4B-00C04F79EFBC}") = "MiniDOMLicense", "MiniDOMLicense\MiniDOMLicense.csproj", "{3E36F6AC-82FE-4988-B7CE-6C200EA31FC4}"
EndProject
Project("{FAE04EC0-301F-11D3-BF4B-00C04F79EFBC}") = "MiniDOMActivator", "MiniDOMActivator\MiniDOMActivator.csproj", "{E3FFA745-691E-4F02-AB33-25400032DAE0}"
EndProject
Project("{FAE04EC0-301F-11D3-BF4B-00C04F79EFBC}") = "MiniDOMWebLibs", "MiniDOMWebLibs\MiniDOMWebLibs.csproj", "{17279779-E75B-0577-21F5-93B04AEC5DF5}"
EndProject
Project("{FAE04EC0-301F-11D3-BF4B-00C04F79EFBC}") = "MiniDOMWebCtrls", "MiniDOMWebCtrls\MiniDOMWebCtrls.csproj", "{A10438CB-63B8-0F45-0968-F25CAB46693C}"
EndProject
Project("{FAE04EC0-301F-11D3-BF4B-00C04F79EFBC}") = "MiniDOMFinanziaria", "MiniDOMFinanziaria\MiniDOMFinanziaria.csproj", "{8E9B9ECD-5122-08B4-090E-845225F036A9}"
EndProject
Project("{2150E333-8FDC-42A3-9474-1A3956D46DE8}") = "www", "www", "{8F169D38-C1B4-4A25-A7D1-A056AD5310C9}"
EndProject
Project("{FAE04EC0-301F-11D3-BF4B-00C04F79EFBC}") = "MiniDOMOffice", "MiniDOMOffice\MiniDOMOffice.csproj", "{1DA1E6C8-7D0C-00E5-28AF-E84C316D669D}"
EndProject
Project("{FAE04EC0-301F-11D3-BF4B-00C04F79EFBC}") = "MiniDOMSIP", "MiniDOMSIP\MiniDOMSIP.csproj", "{8633F82F-FFA2-06AD-1CD2-DAF7A24A3C29}"
EndProject
Project("{E24C65DC-7377-472B-9ABA-BC803B73C61A}") = "minidom", "http://localhost:56115", "{9E507A77-9520-4780-883A-4B9BCF77269F}"
	ProjectSection(WebsiteProperties) = preProject
		SccProjectName = "SAK"
		SccAuxPath = "SAK"
		SccLocalPath = "SAK"
		SccProvider = "SAK"
		UseIISExpress = "true"
		TargetFrameworkMoniker = ".NETFramework,Version%3Dv4.5.2"
		ProjectReferences = "{6bc7376f-f45b-4e4b-be89-8d8378a6384c}|DMDCore.dll;{6431c469-2ba1-020d-24cd-a12fcd7943ab}|MiniDOMBase.dll;{07ea7efb-4767-47ea-b57d-e3ff103bb157}|DMDClosedXMLDriver.dll;{863ec479-9227-40db-88fc-3c910eb86cd8}|DMDZipLib.dll;{abab5e4e-8a14-0553-1238-631f7fb4ccec}|MiniDOMAsteriskLib.dll;{8e9b9ecd-5122-08b4-090e-845225f036a9}|MiniDOMFinanziaria.dll;{1DA1E6C8-7D0C-00E5-28AF-E84C316D669D}|MiniDOMOffice.dll;{17279779-e75b-0577-21f5-93b04aec5df5}|MiniDOMWebLibs.dll;{a10438cb-63b8-0f45-0968-f25cab46693c}|MiniDOMWebCtrls.dll;{8633F82F-FFA2-06AD-1CD2-DAF7A24A3C29}|MiniDOMSIP.dll;{ac3eb127-5fde-0305-35b2-1089567a0d00}|MiniDOMS300.dll;{D1361A1E-E6D0-4F02-8374-8BF6A9AA8BD1}|DMDFAXService.dll;{C54743C8-BEC3-4BAC-B363-86AF7BC3DDF2}|DMDSMSService.dll;{1F670F77-B992-4B0C-9F3C-01FCB7CC60AF}|DMDTelephoneService.dll;"
		Debug.AspNetCompiler.VirtualPath = "/localhost_56115"
		Debug.AspNetCompiler.PhysicalPath = "..\www\minidom\"
		Debug.AspNetCompiler.TargetPath = "..\..\..\Temp\DMDShop2\MiniDOM\PrecompiledWeb\localhost_56115\"
		Debug.AspNetCompiler.Updateable = "true"
		Debug.AspNetCompiler.ForceOverwrite = "true"
		Debug.AspNetCompiler.FixedNames = "true"
		Debug.AspNetCompiler.Debug = "True"
		Release.AspNetCompiler.VirtualPath = "/localhost_56115"
		Release.AspNetCompiler.PhysicalPath = "..\www\minidom\"
		Release.AspNetCompiler.TargetPath = "..\..\..\Temp\DMDShop2\MiniDOM\PrecompiledWeb\localhost_56115\"
		Release.AspNetCompiler.Updateable = "true"
		Release.AspNetCompiler.ForceOverwrite = "true"
		Release.AspNetCompiler.FixedNames = "true"
		Release.AspNetCompiler.Debug = "False"
		SlnRelativePath = "..\www\minidom\"
		StartServerOnDebug = "true"
	EndProjectSection
EndProject
Project("{FAE04EC0-301F-11D3-BF4B-00C04F79EFBC}") = "DMDBase", "..\CommonProjects\DMDBase\DMDBase.csproj", "{40EC37CC-312A-46AD-A5C6-64C07F87B4C8}"
EndProject
Project("{2150E333-8FDC-42A3-9474-1A3956D46DE8}") = "DOM", "DOM", "{77852871-7E09-470F-BA60-831AF2738BFE}"
EndProject
Project("{FAE04EC0-301F-11D3-BF4B-00C04F79EFBC}") = "DMDBase", "..\DOM\DMDBase\DMDBase.csproj", "{A427CF33-574D-0BE4-2DBF-AE38ED8AFC14}"
EndProject
Project("{FAE04EC0-301F-11D3-BF4B-00C04F79EFBC}") = "DMDWindowsKernel", "..\CommonProjects\DMDWindowsKernel\DMDWindowsKernel.csproj", "{42A9ABCF-7BA9-45BD-BB39-753C0CA1BD2F}"
EndProject
Project("{FAE04EC0-301F-11D3-BF4B-00C04F79EFBC}") = "DMDJavaLib", "..\CommonProjects\DMDJavaLib\DMDJavaLib.csproj", "{822A2BA1-4A48-4E4D-89F4-46D03E33C317}"
EndProject
Project("{FAE04EC0-301F-11D3-BF4B-00C04F79EFBC}") = "DMDNetLib", "..\CommonProjects\DMDNetLib\DMDNetLib.csproj", "{46BD1788-1D0D-4CEA-AE35-4F0434999794}"
EndProject
Project("{FAE04EC0-301F-11D3-BF4B-00C04F79EFBC}") = "DMDGPSLib", "..\CommonProjects\DMDGPSLib\DMDGPSLib.csproj", "{F3DB82A0-8BBF-43BE-A79E-9658BEA40A59}"
EndProject
Project("{FAE04EC0-301F-11D3-BF4B-00C04F79EFBC}") = "DMDSMSService", "..\CommonProjects\DMDSMSService\DMDSMSService.csproj", "{C54743C8-BEC3-4BAC-B363-86AF7BC3DDF2}"
EndProject
Project("{FAE04EC0-301F-11D3-BF4B-00C04F79EFBC}") = "DMDFAXService", "..\CommonProjects\DMDFAXService\DMDFAXService.csproj", "{D1361A1E-E6D0-4F02-8374-8BF6A9AA8BD1}"
EndProject
Project("{FAE04EC0-301F-11D3-BF4B-00C04F79EFBC}") = "DMDTelephoneService", "..\CommonProjects\DMDTelephoneService\DMDTelephoneService.csproj", "{1F670F77-B992-4B0C-9F3C-01FCB7CC60AF}"
EndProject
Project("{FAE04EC0-301F-11D3-BF4B-00C04F79EFBC}") = "DMDSqlServerDatabaseDriver", "..\CommonProjects\DMDSqlServerDatabaseDriver\DMDSqlServerDatabaseDriver.csproj", "{8D97DAA1-BCDB-430B-8EB5-D6E710364366}"
EndProject
Project("{FAE04EC0-301F-11D3-BF4B-00C04F79EFBC}") = "DMDWinAPI", "..\CommonProjects\DMDWinAPI\DMDWinAPI.csproj", "{539B83E3-2A80-43E5-AE77-61968EB91C40}"
EndProject
Project("{FAE04EC0-301F-11D3-BF4B-00C04F79EFBC}") = "DMDBioIDServices", "..\CommonProjects\DMDBioIDServices\DMDBioIDServices.csproj", "{7CDD1E93-A865-4EE6-AD19-53CE5E125EC6}"
EndProject
Project("{FAE04EC0-301F-11D3-BF4B-00C04F79EFBC}") = "DMDWIN32", "..\DOM\DMDWIN32\DMDWIN32.csproj", "{D4DF9576-539F-04AF-1B0C-80CFCBADEBA8}"
EndProject
Project("{2150E333-8FDC-42A3-9474-1A3956D46DE8}") = "_Tests", "_Tests", "{BAB28DD8-0831-4EB8-8D90-B552F36EA918}"
EndProject
Project("{FAE04EC0-301F-11D3-BF4B-00C04F79EFBC}") = "Matrixes", "..\_Tests\Matrixes\Matrixes.csproj", "{D421484E-004F-4978-AC89-3A062E6F64E5}"
EndProject
Project("{FAE04EC0-301F-11D3-BF4B-00C04F79EFBC}") = "Outlook2MSSQl", "..\_Tests\Outlook2MSSQl\Outlook2MSSQl.csproj", "{055CC5F2-C073-41A6-BA64-02C29753BB34}"
EndProject
Project("{FAE04EC0-301F-11D3-BF4B-00C04F79EFBC}") = "DMDADO", "..\CommonProjects\DMDADO\DMDADO.csproj", "{F4D0E480-8773-472F-9ECB-9CEA75942AEC}"
EndProject
Project("{FAE04EC0-301F-11D3-BF4B-00C04F79EFBC}") = "DMDCoreUnitTests", "..\_Tests\DMDCoreUnitTests\DMDCoreUnitTests.csproj", "{40ABB20E-9B38-41B7-A099-C5D897082F32}"
EndProject
Global
	GlobalSection(SolutionConfigurationPlatforms) = preSolution
		Debug|Any CPU = Debug|Any CPU
		Debug|x64 = Debug|x64
		Debug|x86 = Debug|x86
		Release|Any CPU = Release|Any CPU
		Release|x64 = Release|x64
		Release|x86 = Release|x86
	EndGlobalSection
	GlobalSection(ProjectConfigurationPlatforms) = postSolution
		{6BC7376F-F45B-4E4B-BE89-8D8378A6384C}.Debug|Any CPU.ActiveCfg = Debug|Any CPU
		{6BC7376F-F45B-4E4B-BE89-8D8378A6384C}.Debug|Any CPU.Build.0 = Debug|Any CPU
		{6BC7376F-F45B-4E4B-BE89-8D8378A6384C}.Debug|x64.ActiveCfg = Debug|x64
		{6BC7376F-F45B-4E4B-BE89-8D8378A6384C}.Debug|x64.Build.0 = Debug|x64
		{6BC7376F-F45B-4E4B-BE89-8D8378A6384C}.Debug|x86.ActiveCfg = Debug|x86
		{6BC7376F-F45B-4E4B-BE89-8D8378A6384C}.Debug|x86.Build.0 = Debug|x86
		{6BC7376F-F45B-4E4B-BE89-8D8378A6384C}.Release|Any CPU.ActiveCfg = Release|Any CPU
		{6BC7376F-F45B-4E4B-BE89-8D8378A6384C}.Release|Any CPU.Build.0 = Release|Any CPU
		{6BC7376F-F45B-4E4B-BE89-8D8378A6384C}.Release|x64.ActiveCfg = Release|x64
		{6BC7376F-F45B-4E4B-BE89-8D8378A6384C}.Release|x64.Build.0 = Release|x64
		{6BC7376F-F45B-4E4B-BE89-8D8378A6384C}.Release|x86.ActiveCfg = Release|x86
		{6BC7376F-F45B-4E4B-BE89-8D8378A6384C}.Release|x86.Build.0 = Release|x86
		{07EA7EFB-4767-47EA-B57D-E3FF103BB157}.Debug|Any CPU.ActiveCfg = Debug|Any CPU
		{07EA7EFB-4767-47EA-B57D-E3FF103BB157}.Debug|Any CPU.Build.0 = Debug|Any CPU
		{07EA7EFB-4767-47EA-B57D-E3FF103BB157}.Debug|x64.ActiveCfg = Debug|x64
		{07EA7EFB-4767-47EA-B57D-E3FF103BB157}.Debug|x64.Build.0 = Debug|x64
		{07EA7EFB-4767-47EA-B57D-E3FF103BB157}.Debug|x86.ActiveCfg = Debug|x86
		{07EA7EFB-4767-47EA-B57D-E3FF103BB157}.Debug|x86.Build.0 = Debug|x86
		{07EA7EFB-4767-47EA-B57D-E3FF103BB157}.Release|Any CPU.ActiveCfg = Release|Any CPU
		{07EA7EFB-4767-47EA-B57D-E3FF103BB157}.Release|Any CPU.Build.0 = Release|Any CPU
		{07EA7EFB-4767-47EA-B57D-E3FF103BB157}.Release|x64.ActiveCfg = Release|x64
		{07EA7EFB-4767-47EA-B57D-E3FF103BB157}.Release|x64.Build.0 = Release|x64
		{07EA7EFB-4767-47EA-B57D-E3FF103BB157}.Release|x86.ActiveCfg = Release|x86
		{07EA7EFB-4767-47EA-B57D-E3FF103BB157}.Release|x86.Build.0 = Release|x86
		{8193B6D5-9EB3-40D4-893A-BFDA50778724}.Debug|Any CPU.ActiveCfg = Debug|Any CPU
		{8193B6D5-9EB3-40D4-893A-BFDA50778724}.Debug|Any CPU.Build.0 = Debug|Any CPU
		{8193B6D5-9EB3-40D4-893A-BFDA50778724}.Debug|x64.ActiveCfg = Debug|Any CPU
		{8193B6D5-9EB3-40D4-893A-BFDA50778724}.Debug|x64.Build.0 = Debug|Any CPU
		{8193B6D5-9EB3-40D4-893A-BFDA50778724}.Debug|x86.ActiveCfg = Debug|x86
		{8193B6D5-9EB3-40D4-893A-BFDA50778724}.Debug|x86.Build.0 = Debug|x86
		{8193B6D5-9EB3-40D4-893A-BFDA50778724}.Release|Any CPU.ActiveCfg = Release|Any CPU
		{8193B6D5-9EB3-40D4-893A-BFDA50778724}.Release|Any CPU.Build.0 = Release|Any CPU
		{8193B6D5-9EB3-40D4-893A-BFDA50778724}.Release|x64.ActiveCfg = Release|Any CPU
		{8193B6D5-9EB3-40D4-893A-BFDA50778724}.Release|x64.Build.0 = Release|Any CPU
		{8193B6D5-9EB3-40D4-893A-BFDA50778724}.Release|x86.ActiveCfg = Release|x86
		{8193B6D5-9EB3-40D4-893A-BFDA50778724}.Release|x86.Build.0 = Release|x86
		{4F634B28-46A1-4EEA-AC9B-262D44C6AB69}.Debug|Any CPU.ActiveCfg = Debug|Any CPU
		{4F634B28-46A1-4EEA-AC9B-262D44C6AB69}.Debug|Any CPU.Build.0 = Debug|Any CPU
		{4F634B28-46A1-4EEA-AC9B-262D44C6AB69}.Debug|x64.ActiveCfg = Debug|Any CPU
		{4F634B28-46A1-4EEA-AC9B-262D44C6AB69}.Debug|x64.Build.0 = Debug|Any CPU
		{4F634B28-46A1-4EEA-AC9B-262D44C6AB69}.Debug|x86.ActiveCfg = Debug|x86
		{4F634B28-46A1-4EEA-AC9B-262D44C6AB69}.Debug|x86.Build.0 = Debug|x86
		{4F634B28-46A1-4EEA-AC9B-262D44C6AB69}.Release|Any CPU.ActiveCfg = Release|Any CPU
		{4F634B28-46A1-4EEA-AC9B-262D44C6AB69}.Release|Any CPU.Build.0 = Release|Any CPU
		{4F634B28-46A1-4EEA-AC9B-262D44C6AB69}.Release|x64.ActiveCfg = Release|Any CPU
		{4F634B28-46A1-4EEA-AC9B-262D44C6AB69}.Release|x64.Build.0 = Release|Any CPU
		{4F634B28-46A1-4EEA-AC9B-262D44C6AB69}.Release|x86.ActiveCfg = Release|x86
		{4F634B28-46A1-4EEA-AC9B-262D44C6AB69}.Release|x86.Build.0 = Release|x86
		{CE746FDA-C071-4BB0-8C32-934F96564B80}.Debug|Any CPU.ActiveCfg = Debug|Any CPU
		{CE746FDA-C071-4BB0-8C32-934F96564B80}.Debug|Any CPU.Build.0 = Debug|Any CPU
		{CE746FDA-C071-4BB0-8C32-934F96564B80}.Debug|x64.ActiveCfg = Debug|Any CPU
		{CE746FDA-C071-4BB0-8C32-934F96564B80}.Debug|x64.Build.0 = Debug|Any CPU
		{CE746FDA-C071-4BB0-8C32-934F96564B80}.Debug|x86.ActiveCfg = Debug|x86
		{CE746FDA-C071-4BB0-8C32-934F96564B80}.Debug|x86.Build.0 = Debug|x86
		{CE746FDA-C071-4BB0-8C32-934F96564B80}.Release|Any CPU.ActiveCfg = Release|Any CPU
		{CE746FDA-C071-4BB0-8C32-934F96564B80}.Release|Any CPU.Build.0 = Release|Any CPU
		{CE746FDA-C071-4BB0-8C32-934F96564B80}.Release|x64.ActiveCfg = Release|Any CPU
		{CE746FDA-C071-4BB0-8C32-934F96564B80}.Release|x64.Build.0 = Release|Any CPU
		{CE746FDA-C071-4BB0-8C32-934F96564B80}.Release|x86.ActiveCfg = Release|x86
		{CE746FDA-C071-4BB0-8C32-934F96564B80}.Release|x86.Build.0 = Release|x86
		{49FD6EFD-6D29-402D-9633-AA225B4EE9AC}.Debug|Any CPU.ActiveCfg = Debug|Any CPU
		{49FD6EFD-6D29-402D-9633-AA225B4EE9AC}.Debug|Any CPU.Build.0 = Debug|Any CPU
		{49FD6EFD-6D29-402D-9633-AA225B4EE9AC}.Debug|x64.ActiveCfg = Debug|Any CPU
		{49FD6EFD-6D29-402D-9633-AA225B4EE9AC}.Debug|x64.Build.0 = Debug|Any CPU
		{49FD6EFD-6D29-402D-9633-AA225B4EE9AC}.Debug|x86.ActiveCfg = Debug|x86
		{49FD6EFD-6D29-402D-9633-AA225B4EE9AC}.Debug|x86.Build.0 = Debug|x86
		{49FD6EFD-6D29-402D-9633-AA225B4EE9AC}.Release|Any CPU.ActiveCfg = Release|Any CPU
		{49FD6EFD-6D29-402D-9633-AA225B4EE9AC}.Release|Any CPU.Build.0 = Release|Any CPU
		{49FD6EFD-6D29-402D-9633-AA225B4EE9AC}.Release|x64.ActiveCfg = Release|Any CPU
		{49FD6EFD-6D29-402D-9633-AA225B4EE9AC}.Release|x64.Build.0 = Release|Any CPU
		{49FD6EFD-6D29-402D-9633-AA225B4EE9AC}.Release|x86.ActiveCfg = Release|x86
		{49FD6EFD-6D29-402D-9633-AA225B4EE9AC}.Release|x86.Build.0 = Release|x86
		{EE1E7F68-B46C-4B03-BBB8-65705E69670A}.Debug|Any CPU.ActiveCfg = Debug|Any CPU
		{EE1E7F68-B46C-4B03-BBB8-65705E69670A}.Debug|Any CPU.Build.0 = Debug|Any CPU
		{EE1E7F68-B46C-4B03-BBB8-65705E69670A}.Debug|x64.ActiveCfg = Debug|x64
		{EE1E7F68-B46C-4B03-BBB8-65705E69670A}.Debug|x64.Build.0 = Debug|x64
		{EE1E7F68-B46C-4B03-BBB8-65705E69670A}.Debug|x86.ActiveCfg = Debug|x86
		{EE1E7F68-B46C-4B03-BBB8-65705E69670A}.Debug|x86.Build.0 = Debug|x86
		{EE1E7F68-B46C-4B03-BBB8-65705E69670A}.Release|Any CPU.ActiveCfg = Release|Any CPU
		{EE1E7F68-B46C-4B03-BBB8-65705E69670A}.Release|Any CPU.Build.0 = Release|Any CPU
		{EE1E7F68-B46C-4B03-BBB8-65705E69670A}.Release|x64.ActiveCfg = Release|x64
		{EE1E7F68-B46C-4B03-BBB8-65705E69670A}.Release|x64.Build.0 = Release|x64
		{EE1E7F68-B46C-4B03-BBB8-65705E69670A}.Release|x86.ActiveCfg = Release|x86
		{EE1E7F68-B46C-4B03-BBB8-65705E69670A}.Release|x86.Build.0 = Release|x86
		{863EC479-9227-40DB-88FC-3C910EB86CD8}.Debug|Any CPU.ActiveCfg = Debug|Any CPU
		{863EC479-9227-40DB-88FC-3C910EB86CD8}.Debug|Any CPU.Build.0 = Debug|Any CPU
		{863EC479-9227-40DB-88FC-3C910EB86CD8}.Debug|x64.ActiveCfg = Debug|Any CPU
		{863EC479-9227-40DB-88FC-3C910EB86CD8}.Debug|x64.Build.0 = Debug|Any CPU
		{863EC479-9227-40DB-88FC-3C910EB86CD8}.Debug|x86.ActiveCfg = Debug|x86
		{863EC479-9227-40DB-88FC-3C910EB86CD8}.Debug|x86.Build.0 = Debug|x86
		{863EC479-9227-40DB-88FC-3C910EB86CD8}.Release|Any CPU.ActiveCfg = Release|Any CPU
		{863EC479-9227-40DB-88FC-3C910EB86CD8}.Release|Any CPU.Build.0 = Release|Any CPU
		{863EC479-9227-40DB-88FC-3C910EB86CD8}.Release|x64.ActiveCfg = Release|Any CPU
		{863EC479-9227-40DB-88FC-3C910EB86CD8}.Release|x64.Build.0 = Release|Any CPU
		{863EC479-9227-40DB-88FC-3C910EB86CD8}.Release|x86.ActiveCfg = Release|x86
		{863EC479-9227-40DB-88FC-3C910EB86CD8}.Release|x86.Build.0 = Release|x86
		{6431C469-2BA1-020D-24CD-A12FCD7943AB}.Debug|Any CPU.ActiveCfg = Debug|Any CPU
		{6431C469-2BA1-020D-24CD-A12FCD7943AB}.Debug|Any CPU.Build.0 = Debug|Any CPU
		{6431C469-2BA1-020D-24CD-A12FCD7943AB}.Debug|x64.ActiveCfg = Debug|x64
		{6431C469-2BA1-020D-24CD-A12FCD7943AB}.Debug|x64.Build.0 = Debug|x64
		{6431C469-2BA1-020D-24CD-A12FCD7943AB}.Debug|x86.ActiveCfg = Debug|x86
		{6431C469-2BA1-020D-24CD-A12FCD7943AB}.Debug|x86.Build.0 = Debug|x86
		{6431C469-2BA1-020D-24CD-A12FCD7943AB}.Release|Any CPU.ActiveCfg = Release|Any CPU
		{6431C469-2BA1-020D-24CD-A12FCD7943AB}.Release|Any CPU.Build.0 = Release|Any CPU
		{6431C469-2BA1-020D-24CD-A12FCD7943AB}.Release|x64.ActiveCfg = Release|x64
		{6431C469-2BA1-020D-24CD-A12FCD7943AB}.Release|x64.Build.0 = Release|x64
		{6431C469-2BA1-020D-24CD-A12FCD7943AB}.Release|x86.ActiveCfg = Release|x86
		{6431C469-2BA1-020D-24CD-A12FCD7943AB}.Release|x86.Build.0 = Release|x86
		{ABAB5E4E-8A14-0553-1238-631F7FB4CCEC}.Debug|Any CPU.ActiveCfg = Debug|Any CPU
		{ABAB5E4E-8A14-0553-1238-631F7FB4CCEC}.Debug|Any CPU.Build.0 = Debug|Any CPU
		{ABAB5E4E-8A14-0553-1238-631F7FB4CCEC}.Debug|x64.ActiveCfg = Debug|x64
		{ABAB5E4E-8A14-0553-1238-631F7FB4CCEC}.Debug|x64.Build.0 = Debug|x64
		{ABAB5E4E-8A14-0553-1238-631F7FB4CCEC}.Debug|x86.ActiveCfg = Debug|x86
		{ABAB5E4E-8A14-0553-1238-631F7FB4CCEC}.Debug|x86.Build.0 = Debug|x86
		{ABAB5E4E-8A14-0553-1238-631F7FB4CCEC}.Release|Any CPU.ActiveCfg = Release|Any CPU
		{ABAB5E4E-8A14-0553-1238-631F7FB4CCEC}.Release|Any CPU.Build.0 = Release|Any CPU
		{ABAB5E4E-8A14-0553-1238-631F7FB4CCEC}.Release|x64.ActiveCfg = Release|x64
		{ABAB5E4E-8A14-0553-1238-631F7FB4CCEC}.Release|x64.Build.0 = Release|x64
		{ABAB5E4E-8A14-0553-1238-631F7FB4CCEC}.Release|x86.ActiveCfg = Release|x86
		{ABAB5E4E-8A14-0553-1238-631F7FB4CCEC}.Release|x86.Build.0 = Release|x86
		{AC3EB127-5FDE-0305-35B2-1089567A0D00}.Debug|Any CPU.ActiveCfg = Debug|Any CPU
		{AC3EB127-5FDE-0305-35B2-1089567A0D00}.Debug|Any CPU.Build.0 = Debug|Any CPU
		{AC3EB127-5FDE-0305-35B2-1089567A0D00}.Debug|x64.ActiveCfg = Debug|x64
		{AC3EB127-5FDE-0305-35B2-1089567A0D00}.Debug|x64.Build.0 = Debug|x64
		{AC3EB127-5FDE-0305-35B2-1089567A0D00}.Debug|x86.ActiveCfg = Debug|x86
		{AC3EB127-5FDE-0305-35B2-1089567A0D00}.Debug|x86.Build.0 = Debug|x86
		{AC3EB127-5FDE-0305-35B2-1089567A0D00}.Release|Any CPU.ActiveCfg = Release|Any CPU
		{AC3EB127-5FDE-0305-35B2-1089567A0D00}.Release|Any CPU.Build.0 = Release|Any CPU
		{AC3EB127-5FDE-0305-35B2-1089567A0D00}.Release|x64.ActiveCfg = Release|x64
		{AC3EB127-5FDE-0305-35B2-1089567A0D00}.Release|x64.Build.0 = Release|x64
		{AC3EB127-5FDE-0305-35B2-1089567A0D00}.Release|x86.ActiveCfg = Release|x86
		{AC3EB127-5FDE-0305-35B2-1089567A0D00}.Release|x86.Build.0 = Release|x86
		{3E36F6AC-82FE-4988-B7CE-6C200EA31FC4}.Debug|Any CPU.ActiveCfg = Debug|Any CPU
		{3E36F6AC-82FE-4988-B7CE-6C200EA31FC4}.Debug|Any CPU.Build.0 = Debug|Any CPU
		{3E36F6AC-82FE-4988-B7CE-6C200EA31FC4}.Debug|x64.ActiveCfg = Debug|x64
		{3E36F6AC-82FE-4988-B7CE-6C200EA31FC4}.Debug|x64.Build.0 = Debug|x64
		{3E36F6AC-82FE-4988-B7CE-6C200EA31FC4}.Debug|x86.ActiveCfg = Debug|x86
		{3E36F6AC-82FE-4988-B7CE-6C200EA31FC4}.Debug|x86.Build.0 = Debug|x86
		{3E36F6AC-82FE-4988-B7CE-6C200EA31FC4}.Release|Any CPU.ActiveCfg = Release|Any CPU
		{3E36F6AC-82FE-4988-B7CE-6C200EA31FC4}.Release|Any CPU.Build.0 = Release|Any CPU
		{3E36F6AC-82FE-4988-B7CE-6C200EA31FC4}.Release|x64.ActiveCfg = Release|x64
		{3E36F6AC-82FE-4988-B7CE-6C200EA31FC4}.Release|x64.Build.0 = Release|x64
		{3E36F6AC-82FE-4988-B7CE-6C200EA31FC4}.Release|x86.ActiveCfg = Release|x86
		{3E36F6AC-82FE-4988-B7CE-6C200EA31FC4}.Release|x86.Build.0 = Release|x86
		{E3FFA745-691E-4F02-AB33-25400032DAE0}.Debug|Any CPU.ActiveCfg = Debug|Any CPU
		{E3FFA745-691E-4F02-AB33-25400032DAE0}.Debug|Any CPU.Build.0 = Debug|Any CPU
		{E3FFA745-691E-4F02-AB33-25400032DAE0}.Debug|x64.ActiveCfg = Debug|x64
		{E3FFA745-691E-4F02-AB33-25400032DAE0}.Debug|x64.Build.0 = Debug|x64
		{E3FFA745-691E-4F02-AB33-25400032DAE0}.Debug|x86.ActiveCfg = Debug|x86
		{E3FFA745-691E-4F02-AB33-25400032DAE0}.Debug|x86.Build.0 = Debug|x86
		{E3FFA745-691E-4F02-AB33-25400032DAE0}.Release|Any CPU.ActiveCfg = Release|Any CPU
		{E3FFA745-691E-4F02-AB33-25400032DAE0}.Release|Any CPU.Build.0 = Release|Any CPU
		{E3FFA745-691E-4F02-AB33-25400032DAE0}.Release|x64.ActiveCfg = Release|x64
		{E3FFA745-691E-4F02-AB33-25400032DAE0}.Release|x64.Build.0 = Release|x64
		{E3FFA745-691E-4F02-AB33-25400032DAE0}.Release|x86.ActiveCfg = Release|x86
		{E3FFA745-691E-4F02-AB33-25400032DAE0}.Release|x86.Build.0 = Release|x86
		{17279779-E75B-0577-21F5-93B04AEC5DF5}.Debug|Any CPU.ActiveCfg = Debug|Any CPU
		{17279779-E75B-0577-21F5-93B04AEC5DF5}.Debug|Any CPU.Build.0 = Debug|Any CPU
		{17279779-E75B-0577-21F5-93B04AEC5DF5}.Debug|x64.ActiveCfg = Debug|x64
		{17279779-E75B-0577-21F5-93B04AEC5DF5}.Debug|x64.Build.0 = Debug|x64
		{17279779-E75B-0577-21F5-93B04AEC5DF5}.Debug|x86.ActiveCfg = Debug|x86
		{17279779-E75B-0577-21F5-93B04AEC5DF5}.Debug|x86.Build.0 = Debug|x86
		{17279779-E75B-0577-21F5-93B04AEC5DF5}.Release|Any CPU.ActiveCfg = Release|Any CPU
		{17279779-E75B-0577-21F5-93B04AEC5DF5}.Release|Any CPU.Build.0 = Release|Any CPU
		{17279779-E75B-0577-21F5-93B04AEC5DF5}.Release|x64.ActiveCfg = Release|x64
		{17279779-E75B-0577-21F5-93B04AEC5DF5}.Release|x64.Build.0 = Release|x64
		{17279779-E75B-0577-21F5-93B04AEC5DF5}.Release|x86.ActiveCfg = Release|x86
		{17279779-E75B-0577-21F5-93B04AEC5DF5}.Release|x86.Build.0 = Release|x86
		{A10438CB-63B8-0F45-0968-F25CAB46693C}.Debug|Any CPU.ActiveCfg = Debug|Any CPU
		{A10438CB-63B8-0F45-0968-F25CAB46693C}.Debug|Any CPU.Build.0 = Debug|Any CPU
		{A10438CB-63B8-0F45-0968-F25CAB46693C}.Debug|x64.ActiveCfg = Debug|x64
		{A10438CB-63B8-0F45-0968-F25CAB46693C}.Debug|x64.Build.0 = Debug|x64
		{A10438CB-63B8-0F45-0968-F25CAB46693C}.Debug|x86.ActiveCfg = Debug|x86
		{A10438CB-63B8-0F45-0968-F25CAB46693C}.Debug|x86.Build.0 = Debug|x86
		{A10438CB-63B8-0F45-0968-F25CAB46693C}.Release|Any CPU.ActiveCfg = Release|Any CPU
		{A10438CB-63B8-0F45-0968-F25CAB46693C}.Release|Any CPU.Build.0 = Release|Any CPU
		{A10438CB-63B8-0F45-0968-F25CAB46693C}.Release|x64.ActiveCfg = Release|x64
		{A10438CB-63B8-0F45-0968-F25CAB46693C}.Release|x64.Build.0 = Release|x64
		{A10438CB-63B8-0F45-0968-F25CAB46693C}.Release|x86.ActiveCfg = Release|x86
		{A10438CB-63B8-0F45-0968-F25CAB46693C}.Release|x86.Build.0 = Release|x86
		{8E9B9ECD-5122-08B4-090E-845225F036A9}.Debug|Any CPU.ActiveCfg = Debug|Any CPU
		{8E9B9ECD-5122-08B4-090E-845225F036A9}.Debug|Any CPU.Build.0 = Debug|Any CPU
		{8E9B9ECD-5122-08B4-090E-845225F036A9}.Debug|x64.ActiveCfg = Debug|x64
		{8E9B9ECD-5122-08B4-090E-845225F036A9}.Debug|x64.Build.0 = Debug|x64
		{8E9B9ECD-5122-08B4-090E-845225F036A9}.Debug|x86.ActiveCfg = Debug|x86
		{8E9B9ECD-5122-08B4-090E-845225F036A9}.Debug|x86.Build.0 = Debug|x86
		{8E9B9ECD-5122-08B4-090E-845225F036A9}.Release|Any CPU.ActiveCfg = Release|Any CPU
		{8E9B9ECD-5122-08B4-090E-845225F036A9}.Release|Any CPU.Build.0 = Release|Any CPU
		{8E9B9ECD-5122-08B4-090E-845225F036A9}.Release|x64.ActiveCfg = Release|x64
		{8E9B9ECD-5122-08B4-090E-845225F036A9}.Release|x64.Build.0 = Release|x64
		{8E9B9ECD-5122-08B4-090E-845225F036A9}.Release|x86.ActiveCfg = Release|x86
		{8E9B9ECD-5122-08B4-090E-845225F036A9}.Release|x86.Build.0 = Release|x86
		{1DA1E6C8-7D0C-00E5-28AF-E84C316D669D}.Debug|Any CPU.ActiveCfg = Debug|Any CPU
		{1DA1E6C8-7D0C-00E5-28AF-E84C316D669D}.Debug|Any CPU.Build.0 = Debug|Any CPU
		{1DA1E6C8-7D0C-00E5-28AF-E84C316D669D}.Debug|x64.ActiveCfg = Debug|x64
		{1DA1E6C8-7D0C-00E5-28AF-E84C316D669D}.Debug|x64.Build.0 = Debug|x64
		{1DA1E6C8-7D0C-00E5-28AF-E84C316D669D}.Debug|x86.ActiveCfg = Debug|x86
		{1DA1E6C8-7D0C-00E5-28AF-E84C316D669D}.Debug|x86.Build.0 = Debug|x86
		{1DA1E6C8-7D0C-00E5-28AF-E84C316D669D}.Release|Any CPU.ActiveCfg = Release|Any CPU
		{1DA1E6C8-7D0C-00E5-28AF-E84C316D669D}.Release|Any CPU.Build.0 = Release|Any CPU
		{1DA1E6C8-7D0C-00E5-28AF-E84C316D669D}.Release|x64.ActiveCfg = Release|x64
		{1DA1E6C8-7D0C-00E5-28AF-E84C316D669D}.Release|x64.Build.0 = Release|x64
		{1DA1E6C8-7D0C-00E5-28AF-E84C316D669D}.Release|x86.ActiveCfg = Release|x86
		{1DA1E6C8-7D0C-00E5-28AF-E84C316D669D}.Release|x86.Build.0 = Release|x86
		{8633F82F-FFA2-06AD-1CD2-DAF7A24A3C29}.Debug|Any CPU.ActiveCfg = Debug|Any CPU
		{8633F82F-FFA2-06AD-1CD2-DAF7A24A3C29}.Debug|Any CPU.Build.0 = Debug|Any CPU
		{8633F82F-FFA2-06AD-1CD2-DAF7A24A3C29}.Debug|x64.ActiveCfg = Debug|x64
		{8633F82F-FFA2-06AD-1CD2-DAF7A24A3C29}.Debug|x64.Build.0 = Debug|x64
		{8633F82F-FFA2-06AD-1CD2-DAF7A24A3C29}.Debug|x86.ActiveCfg = Debug|x86
		{8633F82F-FFA2-06AD-1CD2-DAF7A24A3C29}.Debug|x86.Build.0 = Debug|x86
		{8633F82F-FFA2-06AD-1CD2-DAF7A24A3C29}.Release|Any CPU.ActiveCfg = Release|Any CPU
		{8633F82F-FFA2-06AD-1CD2-DAF7A24A3C29}.Release|Any CPU.Build.0 = Release|Any CPU
		{8633F82F-FFA2-06AD-1CD2-DAF7A24A3C29}.Release|x64.ActiveCfg = Release|x64
		{8633F82F-FFA2-06AD-1CD2-DAF7A24A3C29}.Release|x64.Build.0 = Release|x64
		{8633F82F-FFA2-06AD-1CD2-DAF7A24A3C29}.Release|x86.ActiveCfg = Release|x86
		{8633F82F-FFA2-06AD-1CD2-DAF7A24A3C29}.Release|x86.Build.0 = Release|x86
		{9E507A77-9520-4780-883A-4B9BCF77269F}.Debug|Any CPU.ActiveCfg = Debug|Any CPU
		{9E507A77-9520-4780-883A-4B9BCF77269F}.Debug|Any CPU.Build.0 = Debug|Any CPU
		{9E507A77-9520-4780-883A-4B9BCF77269F}.Debug|x64.ActiveCfg = Debug|Any CPU
		{9E507A77-9520-4780-883A-4B9BCF77269F}.Debug|x64.Build.0 = Debug|Any CPU
		{9E507A77-9520-4780-883A-4B9BCF77269F}.Debug|x86.ActiveCfg = Debug|Any CPU
		{9E507A77-9520-4780-883A-4B9BCF77269F}.Debug|x86.Build.0 = Debug|Any CPU
		{9E507A77-9520-4780-883A-4B9BCF77269F}.Release|Any CPU.ActiveCfg = Debug|Any CPU
		{9E507A77-9520-4780-883A-4B9BCF77269F}.Release|Any CPU.Build.0 = Debug|Any CPU
		{9E507A77-9520-4780-883A-4B9BCF77269F}.Release|x64.ActiveCfg = Debug|Any CPU
		{9E507A77-9520-4780-883A-4B9BCF77269F}.Release|x64.Build.0 = Debug|Any CPU
		{9E507A77-9520-4780-883A-4B9BCF77269F}.Release|x86.ActiveCfg = Debug|Any CPU
		{9E507A77-9520-4780-883A-4B9BCF77269F}.Release|x86.Build.0 = Debug|Any CPU
		{40EC37CC-312A-46AD-A5C6-64C07F87B4C8}.Debug|Any CPU.ActiveCfg = Debug|Any CPU
		{40EC37CC-312A-46AD-A5C6-64C07F87B4C8}.Debug|x64.ActiveCfg = Debug|Any CPU
		{40EC37CC-312A-46AD-A5C6-64C07F87B4C8}.Debug|x64.Build.0 = Debug|Any CPU
		{40EC37CC-312A-46AD-A5C6-64C07F87B4C8}.Debug|x86.ActiveCfg = Debug|x86
		{40EC37CC-312A-46AD-A5C6-64C07F87B4C8}.Debug|x86.Build.0 = Debug|x86
		{40EC37CC-312A-46AD-A5C6-64C07F87B4C8}.Release|Any CPU.ActiveCfg = Release|Any CPU
		{40EC37CC-312A-46AD-A5C6-64C07F87B4C8}.Release|Any CPU.Build.0 = Release|Any CPU
		{40EC37CC-312A-46AD-A5C6-64C07F87B4C8}.Release|x64.ActiveCfg = Release|Any CPU
		{40EC37CC-312A-46AD-A5C6-64C07F87B4C8}.Release|x64.Build.0 = Release|Any CPU
		{40EC37CC-312A-46AD-A5C6-64C07F87B4C8}.Release|x86.ActiveCfg = Release|Any CPU
		{40EC37CC-312A-46AD-A5C6-64C07F87B4C8}.Release|x86.Build.0 = Release|Any CPU
		{A427CF33-574D-0BE4-2DBF-AE38ED8AFC14}.Debug|Any CPU.ActiveCfg = Debug|Any CPU
		{A427CF33-574D-0BE4-2DBF-AE38ED8AFC14}.Debug|Any CPU.Build.0 = Debug|Any CPU
		{A427CF33-574D-0BE4-2DBF-AE38ED8AFC14}.Debug|x64.ActiveCfg = Debug|x64
		{A427CF33-574D-0BE4-2DBF-AE38ED8AFC14}.Debug|x64.Build.0 = Debug|x64
		{A427CF33-574D-0BE4-2DBF-AE38ED8AFC14}.Debug|x86.ActiveCfg = Debug|x86
		{A427CF33-574D-0BE4-2DBF-AE38ED8AFC14}.Debug|x86.Build.0 = Debug|x86
		{A427CF33-574D-0BE4-2DBF-AE38ED8AFC14}.Release|Any CPU.ActiveCfg = Release|Any CPU
		{A427CF33-574D-0BE4-2DBF-AE38ED8AFC14}.Release|Any CPU.Build.0 = Release|Any CPU
		{A427CF33-574D-0BE4-2DBF-AE38ED8AFC14}.Release|x64.ActiveCfg = Release|x64
		{A427CF33-574D-0BE4-2DBF-AE38ED8AFC14}.Release|x64.Build.0 = Release|x64
		{A427CF33-574D-0BE4-2DBF-AE38ED8AFC14}.Release|x86.ActiveCfg = Release|x86
		{A427CF33-574D-0BE4-2DBF-AE38ED8AFC14}.Release|x86.Build.0 = Release|x86
		{42A9ABCF-7BA9-45BD-BB39-753C0CA1BD2F}.Debug|Any CPU.ActiveCfg = Debug|Any CPU
		{42A9ABCF-7BA9-45BD-BB39-753C0CA1BD2F}.Debug|Any CPU.Build.0 = Debug|Any CPU
		{42A9ABCF-7BA9-45BD-BB39-753C0CA1BD2F}.Debug|x64.ActiveCfg = Debug|Any CPU
		{42A9ABCF-7BA9-45BD-BB39-753C0CA1BD2F}.Debug|x64.Build.0 = Debug|Any CPU
		{42A9ABCF-7BA9-45BD-BB39-753C0CA1BD2F}.Debug|x86.ActiveCfg = Debug|x86
		{42A9ABCF-7BA9-45BD-BB39-753C0CA1BD2F}.Debug|x86.Build.0 = Debug|x86
		{42A9ABCF-7BA9-45BD-BB39-753C0CA1BD2F}.Release|Any CPU.ActiveCfg = Release|Any CPU
		{42A9ABCF-7BA9-45BD-BB39-753C0CA1BD2F}.Release|Any CPU.Build.0 = Release|Any CPU
		{42A9ABCF-7BA9-45BD-BB39-753C0CA1BD2F}.Release|x64.ActiveCfg = Release|Any CPU
		{42A9ABCF-7BA9-45BD-BB39-753C0CA1BD2F}.Release|x64.Build.0 = Release|Any CPU
		{42A9ABCF-7BA9-45BD-BB39-753C0CA1BD2F}.Release|x86.ActiveCfg = Release|Any CPU
		{42A9ABCF-7BA9-45BD-BB39-753C0CA1BD2F}.Release|x86.Build.0 = Release|Any CPU
		{822A2BA1-4A48-4E4D-89F4-46D03E33C317}.Debug|Any CPU.ActiveCfg = Debug|Any CPU
		{822A2BA1-4A48-4E4D-89F4-46D03E33C317}.Debug|Any CPU.Build.0 = Debug|Any CPU
		{822A2BA1-4A48-4E4D-89F4-46D03E33C317}.Debug|x64.ActiveCfg = Debug|Any CPU
		{822A2BA1-4A48-4E4D-89F4-46D03E33C317}.Debug|x64.Build.0 = Debug|Any CPU
		{822A2BA1-4A48-4E4D-89F4-46D03E33C317}.Debug|x86.ActiveCfg = Debug|x86
		{822A2BA1-4A48-4E4D-89F4-46D03E33C317}.Debug|x86.Build.0 = Debug|x86
		{822A2BA1-4A48-4E4D-89F4-46D03E33C317}.Release|Any CPU.ActiveCfg = Release|Any CPU
		{822A2BA1-4A48-4E4D-89F4-46D03E33C317}.Release|Any CPU.Build.0 = Release|Any CPU
		{822A2BA1-4A48-4E4D-89F4-46D03E33C317}.Release|x64.ActiveCfg = Release|Any CPU
		{822A2BA1-4A48-4E4D-89F4-46D03E33C317}.Release|x64.Build.0 = Release|Any CPU
		{822A2BA1-4A48-4E4D-89F4-46D03E33C317}.Release|x86.ActiveCfg = Release|Any CPU
		{822A2BA1-4A48-4E4D-89F4-46D03E33C317}.Release|x86.Build.0 = Release|Any CPU
		{46BD1788-1D0D-4CEA-AE35-4F0434999794}.Debug|Any CPU.ActiveCfg = Debug|Any CPU
		{46BD1788-1D0D-4CEA-AE35-4F0434999794}.Debug|Any CPU.Build.0 = Debug|Any CPU
		{46BD1788-1D0D-4CEA-AE35-4F0434999794}.Debug|x64.ActiveCfg = Debug|Any CPU
		{46BD1788-1D0D-4CEA-AE35-4F0434999794}.Debug|x64.Build.0 = Debug|Any CPU
		{46BD1788-1D0D-4CEA-AE35-4F0434999794}.Debug|x86.ActiveCfg = Debug|x86
		{46BD1788-1D0D-4CEA-AE35-4F0434999794}.Debug|x86.Build.0 = Debug|x86
		{46BD1788-1D0D-4CEA-AE35-4F0434999794}.Release|Any CPU.ActiveCfg = Release|Any CPU
		{46BD1788-1D0D-4CEA-AE35-4F0434999794}.Release|Any CPU.Build.0 = Release|Any CPU
		{46BD1788-1D0D-4CEA-AE35-4F0434999794}.Release|x64.ActiveCfg = Release|Any CPU
		{46BD1788-1D0D-4CEA-AE35-4F0434999794}.Release|x64.Build.0 = Release|Any CPU
		{46BD1788-1D0D-4CEA-AE35-4F0434999794}.Release|x86.ActiveCfg = Release|Any CPU
		{46BD1788-1D0D-4CEA-AE35-4F0434999794}.Release|x86.Build.0 = Release|Any CPU
		{F3DB82A0-8BBF-43BE-A79E-9658BEA40A59}.Debug|Any CPU.ActiveCfg = Debug|Any CPU
		{F3DB82A0-8BBF-43BE-A79E-9658BEA40A59}.Debug|Any CPU.Build.0 = Debug|Any CPU
		{F3DB82A0-8BBF-43BE-A79E-9658BEA40A59}.Debug|x64.ActiveCfg = Debug|Any CPU
		{F3DB82A0-8BBF-43BE-A79E-9658BEA40A59}.Debug|x64.Build.0 = Debug|Any CPU
		{F3DB82A0-8BBF-43BE-A79E-9658BEA40A59}.Debug|x86.ActiveCfg = Debug|x86
		{F3DB82A0-8BBF-43BE-A79E-9658BEA40A59}.Debug|x86.Build.0 = Debug|x86
		{F3DB82A0-8BBF-43BE-A79E-9658BEA40A59}.Release|Any CPU.ActiveCfg = Release|Any CPU
		{F3DB82A0-8BBF-43BE-A79E-9658BEA40A59}.Release|Any CPU.Build.0 = Release|Any CPU
		{F3DB82A0-8BBF-43BE-A79E-9658BEA40A59}.Release|x64.ActiveCfg = Release|Any CPU
		{F3DB82A0-8BBF-43BE-A79E-9658BEA40A59}.Release|x64.Build.0 = Release|Any CPU
		{F3DB82A0-8BBF-43BE-A79E-9658BEA40A59}.Release|x86.ActiveCfg = Release|Any CPU
		{F3DB82A0-8BBF-43BE-A79E-9658BEA40A59}.Release|x86.Build.0 = Release|Any CPU
		{C54743C8-BEC3-4BAC-B363-86AF7BC3DDF2}.Debug|Any CPU.ActiveCfg = Debug|Any CPU
		{C54743C8-BEC3-4BAC-B363-86AF7BC3DDF2}.Debug|Any CPU.Build.0 = Debug|Any CPU
		{C54743C8-BEC3-4BAC-B363-86AF7BC3DDF2}.Debug|x64.ActiveCfg = Debug|Any CPU
		{C54743C8-BEC3-4BAC-B363-86AF7BC3DDF2}.Debug|x64.Build.0 = Debug|Any CPU
		{C54743C8-BEC3-4BAC-B363-86AF7BC3DDF2}.Debug|x86.ActiveCfg = Debug|Any CPU
		{C54743C8-BEC3-4BAC-B363-86AF7BC3DDF2}.Debug|x86.Build.0 = Debug|Any CPU
		{C54743C8-BEC3-4BAC-B363-86AF7BC3DDF2}.Release|Any CPU.ActiveCfg = Release|Any CPU
		{C54743C8-BEC3-4BAC-B363-86AF7BC3DDF2}.Release|Any CPU.Build.0 = Release|Any CPU
		{C54743C8-BEC3-4BAC-B363-86AF7BC3DDF2}.Release|x64.ActiveCfg = Release|Any CPU
		{C54743C8-BEC3-4BAC-B363-86AF7BC3DDF2}.Release|x64.Build.0 = Release|Any CPU
		{C54743C8-BEC3-4BAC-B363-86AF7BC3DDF2}.Release|x86.ActiveCfg = Release|Any CPU
		{C54743C8-BEC3-4BAC-B363-86AF7BC3DDF2}.Release|x86.Build.0 = Release|Any CPU
		{D1361A1E-E6D0-4F02-8374-8BF6A9AA8BD1}.Debug|Any CPU.ActiveCfg = Debug|Any CPU
		{D1361A1E-E6D0-4F02-8374-8BF6A9AA8BD1}.Debug|Any CPU.Build.0 = Debug|Any CPU
		{D1361A1E-E6D0-4F02-8374-8BF6A9AA8BD1}.Debug|x64.ActiveCfg = Debug|Any CPU
		{D1361A1E-E6D0-4F02-8374-8BF6A9AA8BD1}.Debug|x64.Build.0 = Debug|Any CPU
		{D1361A1E-E6D0-4F02-8374-8BF6A9AA8BD1}.Debug|x86.ActiveCfg = Debug|Any CPU
		{D1361A1E-E6D0-4F02-8374-8BF6A9AA8BD1}.Debug|x86.Build.0 = Debug|Any CPU
		{D1361A1E-E6D0-4F02-8374-8BF6A9AA8BD1}.Release|Any CPU.ActiveCfg = Release|Any CPU
		{D1361A1E-E6D0-4F02-8374-8BF6A9AA8BD1}.Release|Any CPU.Build.0 = Release|Any CPU
		{D1361A1E-E6D0-4F02-8374-8BF6A9AA8BD1}.Release|x64.ActiveCfg = Release|Any CPU
		{D1361A1E-E6D0-4F02-8374-8BF6A9AA8BD1}.Release|x64.Build.0 = Release|Any CPU
		{D1361A1E-E6D0-4F02-8374-8BF6A9AA8BD1}.Release|x86.ActiveCfg = Release|Any CPU
		{D1361A1E-E6D0-4F02-8374-8BF6A9AA8BD1}.Release|x86.Build.0 = Release|Any CPU
		{1F670F77-B992-4B0C-9F3C-01FCB7CC60AF}.Debug|Any CPU.ActiveCfg = Debug|Any CPU
		{1F670F77-B992-4B0C-9F3C-01FCB7CC60AF}.Debug|Any CPU.Build.0 = Debug|Any CPU
		{1F670F77-B992-4B0C-9F3C-01FCB7CC60AF}.Debug|x64.ActiveCfg = Debug|Any CPU
		{1F670F77-B992-4B0C-9F3C-01FCB7CC60AF}.Debug|x64.Build.0 = Debug|Any CPU
		{1F670F77-B992-4B0C-9F3C-01FCB7CC60AF}.Debug|x86.ActiveCfg = Debug|Any CPU
		{1F670F77-B992-4B0C-9F3C-01FCB7CC60AF}.Debug|x86.Build.0 = Debug|Any CPU
		{1F670F77-B992-4B0C-9F3C-01FCB7CC60AF}.Release|Any CPU.ActiveCfg = Release|Any CPU
		{1F670F77-B992-4B0C-9F3C-01FCB7CC60AF}.Release|Any CPU.Build.0 = Release|Any CPU
		{1F670F77-B992-4B0C-9F3C-01FCB7CC60AF}.Release|x64.ActiveCfg = Release|Any CPU
		{1F670F77-B992-4B0C-9F3C-01FCB7CC60AF}.Release|x64.Build.0 = Release|Any CPU
		{1F670F77-B992-4B0C-9F3C-01FCB7CC60AF}.Release|x86.ActiveCfg = Release|Any CPU
		{1F670F77-B992-4B0C-9F3C-01FCB7CC60AF}.Release|x86.Build.0 = Release|Any CPU
		{8D97DAA1-BCDB-430B-8EB5-D6E710364366}.Debug|Any CPU.ActiveCfg = Debug|Any CPU
		{8D97DAA1-BCDB-430B-8EB5-D6E710364366}.Debug|Any CPU.Build.0 = Debug|Any CPU
		{8D97DAA1-BCDB-430B-8EB5-D6E710364366}.Debug|x64.ActiveCfg = Debug|Any CPU
		{8D97DAA1-BCDB-430B-8EB5-D6E710364366}.Debug|x64.Build.0 = Debug|Any CPU
		{8D97DAA1-BCDB-430B-8EB5-D6E710364366}.Debug|x86.ActiveCfg = Debug|Any CPU
		{8D97DAA1-BCDB-430B-8EB5-D6E710364366}.Debug|x86.Build.0 = Debug|Any CPU
		{8D97DAA1-BCDB-430B-8EB5-D6E710364366}.Release|Any CPU.ActiveCfg = Release|Any CPU
		{8D97DAA1-BCDB-430B-8EB5-D6E710364366}.Release|Any CPU.Build.0 = Release|Any CPU
		{8D97DAA1-BCDB-430B-8EB5-D6E710364366}.Release|x64.ActiveCfg = Release|Any CPU
		{8D97DAA1-BCDB-430B-8EB5-D6E710364366}.Release|x64.Build.0 = Release|Any CPU
		{8D97DAA1-BCDB-430B-8EB5-D6E710364366}.Release|x86.ActiveCfg = Release|Any CPU
		{8D97DAA1-BCDB-430B-8EB5-D6E710364366}.Release|x86.Build.0 = Release|Any CPU
		{539B83E3-2A80-43E5-AE77-61968EB91C40}.Debug|Any CPU.ActiveCfg = Debug|Any CPU
		{539B83E3-2A80-43E5-AE77-61968EB91C40}.Debug|Any CPU.Build.0 = Debug|Any CPU
		{539B83E3-2A80-43E5-AE77-61968EB91C40}.Debug|x64.ActiveCfg = Debug|Any CPU
		{539B83E3-2A80-43E5-AE77-61968EB91C40}.Debug|x64.Build.0 = Debug|Any CPU
		{539B83E3-2A80-43E5-AE77-61968EB91C40}.Debug|x86.ActiveCfg = Debug|Any CPU
		{539B83E3-2A80-43E5-AE77-61968EB91C40}.Debug|x86.Build.0 = Debug|Any CPU
		{539B83E3-2A80-43E5-AE77-61968EB91C40}.Release|Any CPU.ActiveCfg = Release|Any CPU
		{539B83E3-2A80-43E5-AE77-61968EB91C40}.Release|Any CPU.Build.0 = Release|Any CPU
		{539B83E3-2A80-43E5-AE77-61968EB91C40}.Release|x64.ActiveCfg = Release|Any CPU
		{539B83E3-2A80-43E5-AE77-61968EB91C40}.Release|x64.Build.0 = Release|Any CPU
		{539B83E3-2A80-43E5-AE77-61968EB91C40}.Release|x86.ActiveCfg = Release|Any CPU
		{539B83E3-2A80-43E5-AE77-61968EB91C40}.Release|x86.Build.0 = Release|Any CPU
		{7CDD1E93-A865-4EE6-AD19-53CE5E125EC6}.Debug|Any CPU.ActiveCfg = Debug|Any CPU
		{7CDD1E93-A865-4EE6-AD19-53CE5E125EC6}.Debug|Any CPU.Build.0 = Debug|Any CPU
		{7CDD1E93-A865-4EE6-AD19-53CE5E125EC6}.Debug|x64.ActiveCfg = Debug|Any CPU
		{7CDD1E93-A865-4EE6-AD19-53CE5E125EC6}.Debug|x64.Build.0 = Debug|Any CPU
		{7CDD1E93-A865-4EE6-AD19-53CE5E125EC6}.Debug|x86.ActiveCfg = Debug|Any CPU
		{7CDD1E93-A865-4EE6-AD19-53CE5E125EC6}.Debug|x86.Build.0 = Debug|Any CPU
		{7CDD1E93-A865-4EE6-AD19-53CE5E125EC6}.Release|Any CPU.ActiveCfg = Release|Any CPU
		{7CDD1E93-A865-4EE6-AD19-53CE5E125EC6}.Release|Any CPU.Build.0 = Release|Any CPU
		{7CDD1E93-A865-4EE6-AD19-53CE5E125EC6}.Release|x64.ActiveCfg = Release|Any CPU
		{7CDD1E93-A865-4EE6-AD19-53CE5E125EC6}.Release|x64.Build.0 = Release|Any CPU
		{7CDD1E93-A865-4EE6-AD19-53CE5E125EC6}.Release|x86.ActiveCfg = Release|Any CPU
		{7CDD1E93-A865-4EE6-AD19-53CE5E125EC6}.Release|x86.Build.0 = Release|Any CPU
		{D4DF9576-539F-04AF-1B0C-80CFCBADEBA8}.Debug|Any CPU.ActiveCfg = Debug|Any CPU
		{D4DF9576-539F-04AF-1B0C-80CFCBADEBA8}.Debug|Any CPU.Build.0 = Debug|Any CPU
		{D4DF9576-539F-04AF-1B0C-80CFCBADEBA8}.Debug|x64.ActiveCfg = Debug|x64
		{D4DF9576-539F-04AF-1B0C-80CFCBADEBA8}.Debug|x64.Build.0 = Debug|x64
		{D4DF9576-539F-04AF-1B0C-80CFCBADEBA8}.Debug|x86.ActiveCfg = Debug|x86
		{D4DF9576-539F-04AF-1B0C-80CFCBADEBA8}.Debug|x86.Build.0 = Debug|x86
		{D4DF9576-539F-04AF-1B0C-80CFCBADEBA8}.Release|Any CPU.ActiveCfg = Release|Any CPU
		{D4DF9576-539F-04AF-1B0C-80CFCBADEBA8}.Release|Any CPU.Build.0 = Release|Any CPU
		{D4DF9576-539F-04AF-1B0C-80CFCBADEBA8}.Release|x64.ActiveCfg = Release|x64
		{D4DF9576-539F-04AF-1B0C-80CFCBADEBA8}.Release|x64.Build.0 = Release|x64
		{D4DF9576-539F-04AF-1B0C-80CFCBADEBA8}.Release|x86.ActiveCfg = Release|x86
		{D4DF9576-539F-04AF-1B0C-80CFCBADEBA8}.Release|x86.Build.0 = Release|x86
		{D421484E-004F-4978-AC89-3A062E6F64E5}.Debug|Any CPU.ActiveCfg = Debug|Any CPU
		{D421484E-004F-4978-AC89-3A062E6F64E5}.Debug|Any CPU.Build.0 = Debug|Any CPU
		{D421484E-004F-4978-AC89-3A062E6F64E5}.Debug|x64.ActiveCfg = Debug|Any CPU
		{D421484E-004F-4978-AC89-3A062E6F64E5}.Debug|x64.Build.0 = Debug|Any CPU
		{D421484E-004F-4978-AC89-3A062E6F64E5}.Debug|x86.ActiveCfg = Debug|Any CPU
		{D421484E-004F-4978-AC89-3A062E6F64E5}.Debug|x86.Build.0 = Debug|Any CPU
		{D421484E-004F-4978-AC89-3A062E6F64E5}.Release|Any CPU.ActiveCfg = Release|Any CPU
		{D421484E-004F-4978-AC89-3A062E6F64E5}.Release|Any CPU.Build.0 = Release|Any CPU
		{D421484E-004F-4978-AC89-3A062E6F64E5}.Release|x64.ActiveCfg = Release|Any CPU
		{D421484E-004F-4978-AC89-3A062E6F64E5}.Release|x64.Build.0 = Release|Any CPU
		{D421484E-004F-4978-AC89-3A062E6F64E5}.Release|x86.ActiveCfg = Release|Any CPU
		{D421484E-004F-4978-AC89-3A062E6F64E5}.Release|x86.Build.0 = Release|Any CPU
		{055CC5F2-C073-41A6-BA64-02C29753BB34}.Debug|Any CPU.ActiveCfg = Debug|Any CPU
		{055CC5F2-C073-41A6-BA64-02C29753BB34}.Debug|Any CPU.Build.0 = Debug|Any CPU
		{055CC5F2-C073-41A6-BA64-02C29753BB34}.Debug|x64.ActiveCfg = Debug|Any CPU
		{055CC5F2-C073-41A6-BA64-02C29753BB34}.Debug|x64.Build.0 = Debug|Any CPU
		{055CC5F2-C073-41A6-BA64-02C29753BB34}.Debug|x86.ActiveCfg = Debug|Any CPU
		{055CC5F2-C073-41A6-BA64-02C29753BB34}.Debug|x86.Build.0 = Debug|Any CPU
		{055CC5F2-C073-41A6-BA64-02C29753BB34}.Release|Any CPU.ActiveCfg = Release|Any CPU
		{055CC5F2-C073-41A6-BA64-02C29753BB34}.Release|Any CPU.Build.0 = Release|Any CPU
		{055CC5F2-C073-41A6-BA64-02C29753BB34}.Release|x64.ActiveCfg = Release|Any CPU
		{055CC5F2-C073-41A6-BA64-02C29753BB34}.Release|x64.Build.0 = Release|Any CPU
		{055CC5F2-C073-41A6-BA64-02C29753BB34}.Release|x86.ActiveCfg = Release|Any CPU
		{055CC5F2-C073-41A6-BA64-02C29753BB34}.Release|x86.Build.0 = Release|Any CPU
		{F4D0E480-8773-472F-9ECB-9CEA75942AEC}.Debug|Any CPU.ActiveCfg = Debug|Any CPU
		{F4D0E480-8773-472F-9ECB-9CEA75942AEC}.Debug|Any CPU.Build.0 = Debug|Any CPU
		{F4D0E480-8773-472F-9ECB-9CEA75942AEC}.Debug|x64.ActiveCfg = Debug|Any CPU
		{F4D0E480-8773-472F-9ECB-9CEA75942AEC}.Debug|x64.Build.0 = Debug|Any CPU
		{F4D0E480-8773-472F-9ECB-9CEA75942AEC}.Debug|x86.ActiveCfg = Debug|Any CPU
		{F4D0E480-8773-472F-9ECB-9CEA75942AEC}.Debug|x86.Build.0 = Debug|Any CPU
		{F4D0E480-8773-472F-9ECB-9CEA75942AEC}.Release|Any CPU.ActiveCfg = Release|Any CPU
		{F4D0E480-8773-472F-9ECB-9CEA75942AEC}.Release|Any CPU.Build.0 = Release|Any CPU
		{F4D0E480-8773-472F-9ECB-9CEA75942AEC}.Release|x64.ActiveCfg = Release|Any CPU
		{F4D0E480-8773-472F-9ECB-9CEA75942AEC}.Release|x64.Build.0 = Release|Any CPU
		{F4D0E480-8773-472F-9ECB-9CEA75942AEC}.Release|x86.ActiveCfg = Release|Any CPU
		{F4D0E480-8773-472F-9ECB-9CEA75942AEC}.Release|x86.Build.0 = Release|Any CPU
		{40ABB20E-9B38-41B7-A099-C5D897082F32}.Debug|Any CPU.ActiveCfg = Debug|Any CPU
		{40ABB20E-9B38-41B7-A099-C5D897082F32}.Debug|Any CPU.Build.0 = Debug|Any CPU
		{40ABB20E-9B38-41B7-A099-C5D897082F32}.Debug|x64.ActiveCfg = Debug|Any CPU
		{40ABB20E-9B38-41B7-A099-C5D897082F32}.Debug|x64.Build.0 = Debug|Any CPU
		{40ABB20E-9B38-41B7-A099-C5D897082F32}.Debug|x86.ActiveCfg = Debug|Any CPU
		{40ABB20E-9B38-41B7-A099-C5D897082F32}.Debug|x86.Build.0 = Debug|Any CPU
		{40ABB20E-9B38-41B7-A099-C5D897082F32}.Release|Any CPU.ActiveCfg = Release|Any CPU
		{40ABB20E-9B38-41B7-A099-C5D897082F32}.Release|Any CPU.Build.0 = Release|Any CPU
		{40ABB20E-9B38-41B7-A099-C5D897082F32}.Release|x64.ActiveCfg = Release|Any CPU
		{40ABB20E-9B38-41B7-A099-C5D897082F32}.Release|x64.Build.0 = Release|Any CPU
		{40ABB20E-9B38-41B7-A099-C5D897082F32}.Release|x86.ActiveCfg = Release|Any CPU
		{40ABB20E-9B38-41B7-A099-C5D897082F32}.Release|x86.Build.0 = Release|Any CPU
	EndGlobalSection
	GlobalSection(SolutionProperties) = preSolution
		HideSolutionNode = FALSE
	EndGlobalSection
	GlobalSection(NestedProjects) = preSolution
		{6BC7376F-F45B-4E4B-BE89-8D8378A6384C} = {629A11A3-00B1-42E6-9CB0-67C70BE37F39}
		{07EA7EFB-4767-47EA-B57D-E3FF103BB157} = {629A11A3-00B1-42E6-9CB0-67C70BE37F39}
		{8193B6D5-9EB3-40D4-893A-BFDA50778724} = {629A11A3-00B1-42E6-9CB0-67C70BE37F39}
		{4F634B28-46A1-4EEA-AC9B-262D44C6AB69} = {629A11A3-00B1-42E6-9CB0-67C70BE37F39}
		{CE746FDA-C071-4BB0-8C32-934F96564B80} = {629A11A3-00B1-42E6-9CB0-67C70BE37F39}
		{49FD6EFD-6D29-402D-9633-AA225B4EE9AC} = {629A11A3-00B1-42E6-9CB0-67C70BE37F39}
		{EE1E7F68-B46C-4B03-BBB8-65705E69670A} = {629A11A3-00B1-42E6-9CB0-67C70BE37F39}
		{863EC479-9227-40DB-88FC-3C910EB86CD8} = {629A11A3-00B1-42E6-9CB0-67C70BE37F39}
		{6431C469-2BA1-020D-24CD-A12FCD7943AB} = {1CBE88D7-93F7-4645-AB9F-522EF74D7EB2}
		{ABAB5E4E-8A14-0553-1238-631F7FB4CCEC} = {1CBE88D7-93F7-4645-AB9F-522EF74D7EB2}
		{AC3EB127-5FDE-0305-35B2-1089567A0D00} = {1CBE88D7-93F7-4645-AB9F-522EF74D7EB2}
		{3E36F6AC-82FE-4988-B7CE-6C200EA31FC4} = {1CBE88D7-93F7-4645-AB9F-522EF74D7EB2}
		{E3FFA745-691E-4F02-AB33-25400032DAE0} = {1CBE88D7-93F7-4645-AB9F-522EF74D7EB2}
		{17279779-E75B-0577-21F5-93B04AEC5DF5} = {1CBE88D7-93F7-4645-AB9F-522EF74D7EB2}
		{A10438CB-63B8-0F45-0968-F25CAB46693C} = {1CBE88D7-93F7-4645-AB9F-522EF74D7EB2}
		{8E9B9ECD-5122-08B4-090E-845225F036A9} = {1CBE88D7-93F7-4645-AB9F-522EF74D7EB2}
		{1DA1E6C8-7D0C-00E5-28AF-E84C316D669D} = {1CBE88D7-93F7-4645-AB9F-522EF74D7EB2}
		{8633F82F-FFA2-06AD-1CD2-DAF7A24A3C29} = {1CBE88D7-93F7-4645-AB9F-522EF74D7EB2}
		{9E507A77-9520-4780-883A-4B9BCF77269F} = {8F169D38-C1B4-4A25-A7D1-A056AD5310C9}
		{40EC37CC-312A-46AD-A5C6-64C07F87B4C8} = {629A11A3-00B1-42E6-9CB0-67C70BE37F39}
		{A427CF33-574D-0BE4-2DBF-AE38ED8AFC14} = {77852871-7E09-470F-BA60-831AF2738BFE}
		{42A9ABCF-7BA9-45BD-BB39-753C0CA1BD2F} = {629A11A3-00B1-42E6-9CB0-67C70BE37F39}
		{822A2BA1-4A48-4E4D-89F4-46D03E33C317} = {629A11A3-00B1-42E6-9CB0-67C70BE37F39}
		{46BD1788-1D0D-4CEA-AE35-4F0434999794} = {629A11A3-00B1-42E6-9CB0-67C70BE37F39}
		{F3DB82A0-8BBF-43BE-A79E-9658BEA40A59} = {629A11A3-00B1-42E6-9CB0-67C70BE37F39}
		{C54743C8-BEC3-4BAC-B363-86AF7BC3DDF2} = {629A11A3-00B1-42E6-9CB0-67C70BE37F39}
		{D1361A1E-E6D0-4F02-8374-8BF6A9AA8BD1} = {629A11A3-00B1-42E6-9CB0-67C70BE37F39}
		{1F670F77-B992-4B0C-9F3C-01FCB7CC60AF} = {629A11A3-00B1-42E6-9CB0-67C70BE37F39}
		{8D97DAA1-BCDB-430B-8EB5-D6E710364366} = {629A11A3-00B1-42E6-9CB0-67C70BE37F39}
		{539B83E3-2A80-43E5-AE77-61968EB91C40} = {629A11A3-00B1-42E6-9CB0-67C70BE37F39}
		{7CDD1E93-A865-4EE6-AD19-53CE5E125EC6} = {629A11A3-00B1-42E6-9CB0-67C70BE37F39}
		{D4DF9576-539F-04AF-1B0C-80CFCBADEBA8} = {77852871-7E09-470F-BA60-831AF2738BFE}
		{D421484E-004F-4978-AC89-3A062E6F64E5} = {BAB28DD8-0831-4EB8-8D90-B552F36EA918}
		{055CC5F2-C073-41A6-BA64-02C29753BB34} = {BAB28DD8-0831-4EB8-8D90-B552F36EA918}
		{F4D0E480-8773-472F-9ECB-9CEA75942AEC} = {629A11A3-00B1-42E6-9CB0-67C70BE37F39}
		{40ABB20E-9B38-41B7-A099-C5D897082F32} = {BAB28DD8-0831-4EB8-8D90-B552F36EA918}
	EndGlobalSection
	GlobalSection(ExtensibilityGlobals) = postSolution
		SolutionGuid = {9F9AB736-E29B-4D85-90E9-F0A98E6A0DE2}
	EndGlobalSection
	GlobalSection(TeamFoundationVersionControl) = preSolution
		SccNumberOfProjects = 37
		SccEnterpriseProvider = {4CA58AB2-18FA-4F8D-95D4-32DDF27D184C}
		SccTeamFoundationServer = https://domenicodimieri.visualstudio.com/
		SccLocalPath0 = .
		SccProjectUniqueName1 = ..\\CommonProjects\\DMDCore\\DMDCore.csproj
		SccProjectTopLevelParentUniqueName1 = MiniDOM.sln
		SccProjectName1 = ../CommonProjects/DMDCore
		SccLocalPath1 = ..\\CommonProjects\\DMDCore
		SccProjectUniqueName2 = ..\\CommonProjects\\DMDClosedXMLDriver\\DMDClosedXMLDriver.csproj
		SccProjectTopLevelParentUniqueName2 = MiniDOM.sln
		SccProjectName2 = ../CommonProjects/DMDClosedXMLDriver
		SccLocalPath2 = ..\\CommonProjects\\DMDClosedXMLDriver
		SccProjectUniqueName3 = ..\\CommonProjects\\DMDMongoDBDriver\\DMDMongoDBDatabaseDriver.csproj
		SccProjectTopLevelParentUniqueName3 = MiniDOM.sln
		SccProjectName3 = ../CommonProjects/DMDMongoDBDriver
		SccLocalPath3 = ..\\CommonProjects\\DMDMongoDBDriver
		SccProjectUniqueName4 = ..\\CommonProjects\\DMDSQLiteDBDriver\\DMDSQLiteDatabaseDriver.csproj
		SccProjectTopLevelParentUniqueName4 = MiniDOM.sln
		SccProjectName4 = ../CommonProjects/DMDSQLiteDBDriver
		SccLocalPath4 = ..\\CommonProjects\\DMDSQLiteDBDriver
		SccProjectUniqueName5 = ..\\CommonProjects\\DMDUnitTestLib\\DMDUnitTestLib.csproj
		SccProjectTopLevelParentUniqueName5 = MiniDOM.sln
		SccProjectName5 = ../CommonProjects/DMDUnitTestLib
		SccLocalPath5 = ..\\CommonProjects\\DMDUnitTestLib
		SccProjectUniqueName6 = ..\\CommonProjects\\DMDWindowsControls\\DMDWindowsControls.csproj
		SccProjectTopLevelParentUniqueName6 = MiniDOM.sln
		SccProjectName6 = ../CommonProjects/DMDWindowsControls
		SccLocalPath6 = ..\\CommonProjects\\DMDWindowsControls
		SccProjectUniqueName7 = ..\\CommonProjects\\DMDZipLib\\DMDZipLib.csproj
		SccProjectTopLevelParentUniqueName7 = MiniDOM.sln
		SccProjectName7 = ../CommonProjects/DMDZipLib
		SccLocalPath7 = ..\\CommonProjects\\DMDZipLib
		SccProjectUniqueName8 = MiniDOMS300\\MiniDOMS300.csproj
		SccProjectTopLevelParentUniqueName8 = MiniDOM.sln
		SccProjectName8 = MiniDOMS300
		SccLocalPath8 = MiniDOMS300
		SccProjectUniqueName9 = MiniDOMLicense\\MiniDOMLicense.csproj
		SccProjectTopLevelParentUniqueName9 = MiniDOM.sln
		SccProjectName9 = MiniDOMLicense
		SccLocalPath9 = MiniDOMLicense
		SccProjectUniqueName10 = MiniDOMActivator\\MiniDOMActivator.csproj
		SccProjectTopLevelParentUniqueName10 = MiniDOM.sln
		SccProjectName10 = MiniDOMActivator
		SccLocalPath10 = MiniDOMActivator
		SccProjectUniqueName11 = MiniDOMWebLibs\\MiniDOMWebLibs.csproj
		SccProjectTopLevelParentUniqueName11 = MiniDOM.sln
		SccProjectName11 = MiniDOMWebLibs
		SccLocalPath11 = MiniDOMWebLibs
		SccProjectUniqueName12 = MiniDOMBase\\MiniDOMBase.csproj
		SccProjectTopLevelParentUniqueName12 = MiniDOM.sln
		SccProjectName12 = MiniDOMBase
		SccLocalPath12 = MiniDOMBase
		SccProjectUniqueName13 = MiniDOMAsteriskLib\\MiniDOMAsteriskLib.csproj
		SccProjectTopLevelParentUniqueName13 = MiniDOM.sln
		SccProjectName13 = MiniDOMAsteriskLib
		SccLocalPath13 = MiniDOMAsteriskLib
		SccProjectUniqueName14 = MiniDOMFinanziaria\\MiniDOMFinanziaria.csproj
		SccProjectTopLevelParentUniqueName14 = MiniDOM.sln
		SccProjectName14 = MiniDOMFinanziaria
		SccLocalPath14 = MiniDOMFinanziaria
		SccProjectUniqueName15 = MiniDOMOffice\\MiniDOMOffice.csproj
		SccProjectTopLevelParentUniqueName15 = MiniDOM.sln
		SccProjectName15 = MiniDOMOffice
		SccLocalPath15 = MiniDOMOffice
		SccProjectUniqueName16 = MiniDOMSIP\\MiniDOMSIP.csproj
		SccProjectTopLevelParentUniqueName16 = MiniDOM.sln
		SccProjectName16 = MiniDOMSIP
		SccLocalPath16 = MiniDOMSIP
		SccProjectUniqueName17 = MiniDOMWebCtrls\\MiniDOMWebCtrls.csproj
		SccProjectTopLevelParentUniqueName17 = MiniDOM.sln
		SccProjectName17 = MiniDOMWebCtrls
		SccLocalPath17 = MiniDOMWebCtrls
		SccProjectUniqueName18 = ..\\CommonProjects\\DMDBase\\DMDBase.csproj
		SccProjectTopLevelParentUniqueName18 = MiniDOM.sln
		SccProjectName18 = ../CommonProjects/DMDBase
		SccLocalPath18 = ..\\CommonProjects\\DMDBase
		SccProjectUniqueName19 = ..\\CommonProjects\\DMDOracleDBDriver\\DMDOracleDatabaseDriver.csproj
		SccProjectTopLevelParentUniqueName19 = MiniDOM.sln
		SccProjectName19 = ../CommonProjects/DMDOracleDBDriver
		SccLocalPath19 = ..\\CommonProjects\\DMDOracleDBDriver
		SccProjectUniqueName20 = ..\\CommonProjects\\DMDWindowsKernel\\DMDWindowsKernel.csproj
		SccProjectTopLevelParentUniqueName20 = MiniDOM.sln
		SccProjectName20 = ../CommonProjects/DMDWindowsKernel
		SccLocalPath20 = ..\\CommonProjects\\DMDWindowsKernel
		SccProjectUniqueName21 = ..\\CommonProjects\\DMDJavaLib\\DMDJavaLib.csproj
		SccProjectTopLevelParentUniqueName21 = MiniDOM.sln
		SccProjectName21 = ../CommonProjects/DMDJavaLib
		SccLocalPath21 = ..\\CommonProjects\\DMDJavaLib
		SccProjectUniqueName22 = ..\\CommonProjects\\DMDNetLib\\DMDNetLib.csproj
		SccProjectTopLevelParentUniqueName22 = MiniDOM.sln
		SccProjectName22 = ../CommonProjects/DMDNetLib
		SccLocalPath22 = ..\\CommonProjects\\DMDNetLib
		SccProjectUniqueName23 = ..\\CommonProjects\\DMDGPSLib\\DMDGPSLib.csproj
		SccProjectTopLevelParentUniqueName23 = MiniDOM.sln
		SccProjectName23 = ../CommonProjects/DMDGPSLib
		SccLocalPath23 = ..\\CommonProjects\\DMDGPSLib
		SccProjectUniqueName24 = ..\\CommonProjects\\DMDSMSService\\DMDSMSService.csproj
		SccProjectTopLevelParentUniqueName24 = MiniDOM.sln
		SccProjectName24 = ../CommonProjects/DMDSMSService
		SccLocalPath24 = ..\\CommonProjects\\DMDSMSService
		SccProjectUniqueName25 = ..\\CommonProjects\\DMDFAXService\\DMDFAXService.csproj
		SccProjectTopLevelParentUniqueName25 = MiniDOM.sln
		SccProjectName25 = ../CommonProjects/DMDFAXService
		SccLocalPath25 = ..\\CommonProjects\\DMDFAXService
		SccProjectUniqueName26 = ..\\CommonProjects\\DMDTelephoneService\\DMDTelephoneService.csproj
		SccProjectTopLevelParentUniqueName26 = MiniDOM.sln
		SccProjectName26 = ../CommonProjects/DMDTelephoneService
		SccLocalPath26 = ..\\CommonProjects\\DMDTelephoneService
		SccProjectUniqueName27 = ..\\CommonProjects\\DMDSqlServerDatabaseDriver\\DMDSqlServerDatabaseDriver.csproj
		SccProjectTopLevelParentUniqueName27 = MiniDOM.sln
		SccProjectName27 = ../CommonProjects/DMDSqlServerDatabaseDriver
		SccLocalPath27 = ..\\CommonProjects\\DMDSqlServerDatabaseDriver
		SccWebProject28 = true
		SccProjectUniqueName28 = http://localhost:56115
		SccProjectTopLevelParentUniqueName28 = MiniDOM.sln
		SccProjectName28 = ../www/minidom
		SccLocalPath28 = ..\\www\\minidom
		SccProjectEnlistmentChoice28 = 2
		SccProjectUniqueName29 = ..\\CommonProjects\\DMDWinAPI\\DMDWinAPI.csproj
		SccProjectTopLevelParentUniqueName29 = MiniDOM.sln
		SccProjectName29 = ../CommonProjects/DMDWinAPI
		SccLocalPath29 = ..\\CommonProjects\\DMDWinAPI
		SccProjectUniqueName30 = ..\\CommonProjects\\DMDBioIDServices\\DMDBioIDServices.csproj
		SccProjectTopLevelParentUniqueName30 = MiniDOM.sln
		SccProjectName30 = ../CommonProjects/DMDBioIDServices
		SccLocalPath30 = ..\\CommonProjects\\DMDBioIDServices
		SccProjectUniqueName31 = ..\\_Tests\\Matrixes\\Matrixes.csproj
		SccProjectTopLevelParentUniqueName31 = MiniDOM.sln
		SccProjectName31 = ../_Tests/Matrixes
		SccLocalPath31 = ..\\_Tests\\Matrixes
		SccProjectUniqueName32 = ..\\DOM\\DMDBase\\DMDBase.csproj
		SccProjectTopLevelParentUniqueName32 = MiniDOM.sln
		SccProjectName32 = ../DOM/DMDBase
		SccLocalPath32 = ..\\DOM\\DMDBase
		SccProjectUniqueName33 = ..\\DOM\\DMDWIN32\\DMDWIN32.csproj
		SccProjectTopLevelParentUniqueName33 = MiniDOM.sln
		SccProjectName33 = ../DOM/DMDWIN32
		SccLocalPath33 = ..\\DOM\\DMDWIN32
		SccProjectUniqueName34 = ..\\_Tests\\Outlook2MSSQl\\Outlook2MSSQl.csproj
		SccProjectTopLevelParentUniqueName34 = MiniDOM.sln
		SccProjectName34 = ../_Tests/Outlook2MSSQl
		SccLocalPath34 = ..\\_Tests\\Outlook2MSSQl
		SccProjectUniqueName35 = ..\\CommonProjects\\DMDADO\\DMDADO.csproj
		SccProjectTopLevelParentUniqueName35 = MiniDOM.sln
		SccProjectName35 = ../CommonProjects/DMDADO
		SccLocalPath35 = ..\\CommonProjects\\DMDADO
		SccProjectUniqueName36 = ..\\_Tests\\DMDCoreUnitTests\\DMDCoreUnitTests.csproj
		SccProjectTopLevelParentUniqueName36 = MiniDOM.sln
		SccProjectName36 = ../_Tests/DMDCoreUnitTests
		SccLocalPath36 = ..\\_Tests\\DMDCoreUnitTests
	EndGlobalSection
EndGlobal
